// !$*UTF8*$!
{
	archiveVersion = 1;
	classes = {
	};
	objectVersion = 77;
	objects = {

/* Begin PBXBuildFile section */
		9737B87E2F709262005366CD /* AGENTS.md in Resources */ = {isa = PBXBuildFile; fileRef = 9737B87D2F709262005366CD /* AGENTS.md */; };
		9737B87F2F709262005366CD /* AGENTS.md in Resources */ = {isa = PBXBuildFile; fileRef = 9737B87D2F709262005366CD /* AGENTS.md */; };
		9737B8802F709262005366CD /* AGENTS.md in Resources */ = {isa = PBXBuildFile; fileRef = 9737B87D2F709262005366CD /* AGENTS.md */; };
		9737B8822F709373005366CD /* app_structure.md in Resources */ = {isa = PBXBuildFile; fileRef = 9737B8812F709373005366CD /* app_structure.md */; };
		9737B8832F709373005366CD /* app_structure.md in Resources */ = {isa = PBXBuildFile; fileRef = 9737B8812F709373005366CD /* app_structure.md */; };
		9737B8842F709373005366CD /* app_structure.md in Resources */ = {isa = PBXBuildFile; fileRef = 9737B8812F709373005366CD /* app_structure.md */; };
/* End PBXBuildFile section */

/* Begin PBXContainerItemProxy section */
		9737B85C2F708FD1005366CD /* PBXContainerItemProxy */ = {
			isa = PBXContainerItemProxy;
			containerPortal = 9737B83A2F708FD0005366CD /* Project object */;
			proxyType = 1;
			remoteGlobalIDString = 9737B8412F708FD0005366CD;
			remoteInfo = SavorVaultAI;
		};
		9737B8662F708FD1005366CD /* PBXContainerItemProxy */ = {
			isa = PBXContainerItemProxy;
			containerPortal = 9737B83A2F708FD0005366CD /* Project object */;
			proxyType = 1;
			remoteGlobalIDString = 9737B8412F708FD0005366CD;
			remoteInfo = SavorVaultAI;
		};
/* End PBXContainerItemProxy section */

/* Begin PBXFileReference section */
		9737B8422F708FD0005366CD /* SavorVaultAI.app */ = {isa = PBXFileReference; explicitFileType = wrapper.application; includeInIndex = 0; name = SavorVaultAI.app; path = "/Users/lung-haotung/Documents/GitHub/SavorVaultAI/build/Debug-iphoneos/SavorVaultAI.app"; sourceTree = "<absolute>"; };
		9737B85B2F708FD1005366CD /* SavorVaultAITests.xctest */ = {isa = PBXFileReference; explicitFileType = wrapper.cfbundle; includeInIndex = 0; name = SavorVaultAITests.xctest; path = "/Users/lung-haotung/Documents/GitHub/SavorVaultAI/build/Debug-iphoneos/SavorVaultAI.app/PlugIns/SavorVaultAITests.xctest"; sourceTree = "<absolute>"; };
		9737B8652F708FD1005366CD /* SavorVaultAIUITests.xctest */ = {isa = PBXFileReference; explicitFileType = wrapper.cfbundle; includeInIndex = 0; name = SavorVaultAIUITests.xctest; path = "/Users/lung-haotung/Documents/GitHub/SavorVaultAI/build/Debug-iphoneos/SavorVaultAIUITests-Runner.app/PlugIns/SavorVaultAIUITests.xctest"; sourceTree = "<absolute>"; };
		9737B87D2F709262005366CD /* AGENTS.md */ = {isa = PBXFileReference; lastKnownFileType = net.daringfireball.markdown; path = AGENTS.md; sourceTree = "<group>"; };
		9737B8812F709373005366CD /* app_structure.md */ = {isa = PBXFileReference; lastKnownFileType = net.daringfireball.markdown; path = app_structure.md; sourceTree = "<group>"; };
		97FF1BEC2F7B321400DA107F /* SavorVaultAI.xctestplan */ = {isa = PBXFileReference; lastKnownFileType = text; path = SavorVaultAI.xctestplan; sourceTree = "<group>"; };
/* End PBXFileReference section */

/* Begin PBXFileSystemSynchronizedBuildFileExceptionSet section */
		9737B86D2F708FD1005366CD /* Exceptions for "SavorVaultAI" folder in "SavorVaultAI" target */ = {
			isa = PBXFileSystemSynchronizedBuildFileExceptionSet;
			membershipExceptions = (
				Info.plist,
			);
			target = 9737B8412F708FD0005366CD /* SavorVaultAI */;
		};
/* End PBXFileSystemSynchronizedBuildFileExceptionSet section */

/* Begin PBXFileSystemSynchronizedRootGroup section */
		9737B8442F708FD0005366CD /* SavorVaultAI */ = {
			isa = PBXFileSystemSynchronizedRootGroup;
			exceptions = (
				9737B86D2F708FD1005366CD /* Exceptions for "SavorVaultAI" folder in "SavorVaultAI" target */,
			);
			path = SavorVaultAI;
			sourceTree = "<group>";
		};
		9737B85E2F708FD1005366CD /* SavorVaultAITests */ = {
			isa = PBXFileSystemSynchronizedRootGroup;
			path = SavorVaultAITests;
			sourceTree = "<group>";
		};
		9737B8682F708FD1005366CD /* SavorVaultAIUITests */ = {
			isa = PBXFileSystemSynchronizedRootGroup;
			path = SavorVaultAIUITests;
			sourceTree = "<group>";
		};
/* End PBXFileSystemSynchronizedRootGroup section */

/* Begin PBXFrameworksBuildPhase section */
		9737B83F2F708FD0005366CD /* Frameworks */ = {
			isa = PBXFrameworksBuildPhase;
			buildActionMask = 2147483647;
			files = (
			);
			runOnlyForDeploymentPostprocessing = 0;
		};
		9737B8582F708FD1005366CD /* Frameworks */ = {
			isa = PBXFrameworksBuildPhase;
			buildActionMask = 2147483647;
			files = (
			);
			runOnlyForDeploymentPostprocessing = 0;
		};
		9737B8622F708FD1005366CD /* Frameworks */ = {
			isa = PBXFrameworksBuildPhase;
			buildActionMask = 2147483647;
			files = (
			);
			runOnlyForDeploymentPostprocessing = 0;
		};
/* End PBXFrameworksBuildPhase section */

/* Begin PBXGroup section */
		9737B8392F708FD0005366CD = {
			isa = PBXGroup;
			children = (
				97FF1BEC2F7B321400DA107F /* SavorVaultAI.xctestplan */,
				9737B8812F709373005366CD /* app_structure.md */,
				9737B87D2F709262005366CD /* AGENTS.md */,
				9737B8442F708FD0005366CD /* SavorVaultAI */,
				9737B85E2F708FD1005366CD /* SavorVaultAITests */,
				9737B8682F708FD1005366CD /* SavorVaultAIUITests */,
			);
			sourceTree = "<group>";
		};
/* End PBXGroup section */

/* Begin PBXNativeTarget section */
		9737B8412F708FD0005366CD /* SavorVaultAI */ = {
			isa = PBXNativeTarget;
			buildConfigurationList = 9737B86E2F708FD1005366CD /* Build configuration list for PBXNativeTarget "SavorVaultAI" */;
			buildPhases = (
				9737B83E2F708FD0005366CD /* Sources */,
				9737B83F2F708FD0005366CD /* Frameworks */,
				9737B8402F708FD0005366CD /* Resources */,
			);
			buildRules = (
			);
			dependencies = (
			);
			fileSystemSynchronizedGroups = (
				9737B8442F708FD0005366CD /* SavorVaultAI */,
			);
			name = SavorVaultAI;
			packageProductDependencies = (
			);
			productName = SavorVaultAI;
			productReference = 9737B8422F708FD0005366CD /* SavorVaultAI.app */;
			productType = "com.apple.product-type.application";
		};
		9737B85A2F708FD1005366CD /* SavorVaultAITests */ = {
			isa = PBXNativeTarget;
			buildConfigurationList = 9737B8732F708FD1005366CD /* Build configuration list for PBXNativeTarget "SavorVaultAITests" */;
			buildPhases = (
				9737B8572F708FD1005366CD /* Sources */,
				9737B8582F708FD1005366CD /* Frameworks */,
				9737B8592F708FD1005366CD /* Resources */,
			);
			buildRules = (
			);
			dependencies = (
				9737B85D2F708FD1005366CD /* PBXTargetDependency */,
			);
			fileSystemSynchronizedGroups = (
				9737B85E2F708FD1005366CD /* SavorVaultAITests */,
			);
			name = SavorVaultAITests;
			packageProductDependencies = (
			);
			productName = SavorVaultAITests;
			productReference = 9737B85B2F708FD1005366CD /* SavorVaultAITests.xctest */;
			productType = "com.apple.product-type.bundle.unit-test";
		};
		9737B8642F708FD1005366CD /* SavorVaultAIUITests */ = {
			isa = PBXNativeTarget;
			buildConfigurationList = 9737B8762F708FD1005366CD /* Build configuration list for PBXNativeTarget "SavorVaultAIUITests" */;
			buildPhases = (
				9737B8612F708FD1005366CD /* Sources */,
				9737B8622F708FD1005366CD /* Frameworks */,
				9737B8632F708FD1005366CD /* Resources */,
			);
			buildRules = (
			);
			dependencies = (
				9737B8672F708FD1005366CD /* PBXTargetDependency */,
			);
			fileSystemSynchronizedGroups = (
				9737B8682F708FD1005366CD /* SavorVaultAIUITests */,
			);
			name = SavorVaultAIUITests;
			packageProductDependencies = (
			);
			productName = SavorVaultAIUITests;
			productReference = 9737B8652F708FD1005366CD /* SavorVaultAIUITests.xctest */;
			productType = "com.apple.product-type.bundle.ui-testing";
		};
/* End PBXNativeTarget section */

/* Begin PBXProject section */
		9737B83A2F708FD0005366CD /* Project object */ = {
			isa = PBXProject;
			attributes = {
				BuildIndependentTargetsInParallel = 1;
				LastSwiftUpdateCheck = 2630;
				LastUpgradeCheck = 2630;
				TargetAttributes = {
					9737B8412F708FD0005366CD = {
						CreatedOnToolsVersion = 26.3;
					};
					9737B85A2F708FD1005366CD = {
						CreatedOnToolsVersion = 26.3;
						TestTargetID = 9737B8412F708FD0005366CD;
					};
					9737B8642F708FD1005366CD = {
						CreatedOnToolsVersion = 26.3;
						TestTargetID = 9737B8412F708FD0005366CD;
					};
				};
			};
			buildConfigurationList = 9737B83D2F708FD0005366CD /* Build configuration list for PBXProject "SavorVaultAI" */;
			developmentRegion = en;
			hasScannedForEncodings = 0;
			knownRegions = (
				en,
				Base,
			);
			mainGroup = 9737B8392F708FD0005366CD;
			minimizedProjectReferenceProxies = 1;
			preferredProjectObjectVersion = 77;
			productRefGroup = 9737B8392F708FD0005366CD;
			projectDirPath = "";
			projectRoot = "";
			targets = (
				9737B8412F708FD0005366CD /* SavorVaultAI */,
				9737B85A2F708FD1005366CD /* SavorVaultAITests */,
				9737B8642F708FD1005366CD /* SavorVaultAIUITests */,
			);
		};
/* End PBXProject section */

/* Begin PBXResourcesBuildPhase section */
		9737B8402F708FD0005366CD /* Resources */ = {
			isa = PBXResourcesBuildPhase;
			buildActionMask = 2147483647;
			files = (
				9737B8822F709373005366CD /* app_structure.md in Resources */,
				9737B8802F709262005366CD /* AGENTS.md in Resources */,
			);
			runOnlyForDeploymentPostprocessing = 0;
		};
		9737B8592F708FD1005366CD /* Resources */ = {
			isa = PBXResourcesBuildPhase;
			buildActionMask = 2147483647;
			files = (
				9737B8842F709373005366CD /* app_structure.md in Resources */,
				9737B87F2F709262005366CD /* AGENTS.md in Resources */,
			);
			runOnlyForDeploymentPostprocessing = 0;
		};
		9737B8632F708FD1005366CD /* Resources */ = {
			isa = PBXResourcesBuildPhase;
			buildActionMask = 2147483647;
			files = (
				9737B8832F709373005366CD /* app_structure.md in Resources */,
				9737B87E2F709262005366CD /* AGENTS.md in Resources */,
			);
			runOnlyForDeploymentPostprocessing = 0;
		};
/* End PBXResourcesBuildPhase section */

/* Begin PBXSourcesBuildPhase section */
		9737B83E2F708FD0005366CD /* Sources */ = {
			isa = PBXSourcesBuildPhase;
			buildActionMask = 2147483647;
			files = (
			);
			runOnlyForDeploymentPostprocessing = 0;
		};
		9737B8572F708FD1005366CD /* Sources */ = {
			isa = PBXSourcesBuildPhase;
			buildActionMask = 2147483647;
			files = (
			);
			runOnlyForDeploymentPostprocessing = 0;
		};
		9737B8612F708FD1005366CD /* Sources */ = {
			isa = PBXSourcesBuildPhase;
			buildActionMask = 2147483647;
			files = (
			);
			runOnlyForDeploymentPostprocessing = 0;
		};
/* End PBXSourcesBuildPhase section */

/* Begin PBXTargetDependency section */
		9737B85D2F708FD1005366CD /* PBXTargetDependency */ = {
			isa = PBXTargetDependency;
			target = 9737B8412F708FD0005366CD /* SavorVaultAI */;
			targetProxy = 9737B85C2F708FD1005366CD /* PBXContainerItemProxy */;
		};
		9737B8672F708FD1005366CD /* PBXTargetDependency */ = {
			isa = PBXTargetDependency;
			target = 9737B8412F708FD0005366CD /* SavorVaultAI */;
			targetProxy = 9737B8662F708FD1005366CD /* PBXContainerItemProxy */;
		};
/* End PBXTargetDependency section */

/* Begin XCBuildConfiguration section */
		9737B86F2F708FD1005366CD /* Debug */ = {
			isa = XCBuildConfiguration;
			buildSettings = {
				ASSETCATALOG_COMPILER_APPICON_NAME = AppIcon;
				ASSETCATALOG_COMPILER_GLOBAL_ACCENT_COLOR_NAME = AccentColor;
				CODE_SIGN_STYLE = Automatic;
				CURRENT_PROJECT_VERSION = 1;
				DEVELOPMENT_TEAM = RFRYGULZBC;
				GENERATE_INFOPLIST_FILE = YES;
				INFOPLIST_FILE = SavorVaultAI/Info.plist;
				INFOPLIST_KEY_NSCameraUsageDescription = "SavorVaultAI uses the camera so you can capture photos of your drinks.";
				INFOPLIST_KEY_UIApplicationSupportsIndirectInputEvents = YES;
				INFOPLIST_KEY_UILaunchStoryboardName = LaunchScreen;
				INFOPLIST_KEY_UIMainStoryboardFile = Main;
				INFOPLIST_KEY_UISupportedInterfaceOrientations = UIInterfaceOrientationPortrait;
				IPHONEOS_DEPLOYMENT_TARGET = 26.0;
				LD_RUNPATH_SEARCH_PATHS = (
					"$(inherited)",
					"@executable_path/Frameworks",
				);
				MARKETING_VERSION = 1.0;
				PRODUCT_BUNDLE_IDENTIFIER = lunghao.SavorVaultAI;
				PRODUCT_NAME = "$(TARGET_NAME)";
				STRING_CATALOG_GENERATE_SYMBOLS = YES;
				SWIFT_APPROACHABLE_CONCURRENCY = YES;
				SWIFT_DEFAULT_ACTOR_ISOLATION = MainActor;
				SWIFT_EMIT_LOC_STRINGS = YES;
				SWIFT_UPCOMING_FEATURE_MEMBER_IMPORT_VISIBILITY = YES;
				SWIFT_VERSION = 5.0;
				TARGETED_DEVICE_FAMILY = 1;
			};
			name = Debug;
		};
		9737B8702F708FD1005366CD /* Release */ = {
			isa = XCBuildConfiguration;
			buildSettings = {
				ASSETCATALOG_COMPILER_APPICON_NAME = AppIcon;
				ASSETCATALOG_COMPILER_GLOBAL_ACCENT_COLOR_NAME = AccentColor;
				CODE_SIGN_STYLE = Automatic;
				CURRENT_PROJECT_VERSION = 1;
				DEVELOPMENT_TEAM = RFRYGULZBC;
				GENERATE_INFOPLIST_FILE = YES;
				INFOPLIST_FILE = SavorVaultAI/Info.plist;
				INFOPLIST_KEY_NSCameraUsageDescription = "SavorVaultAI uses the camera so you can capture photos of your drinks.";
				INFOPLIST_KEY_UIApplicationSupportsIndirectInputEvents = YES;
				INFOPLIST_KEY_UILaunchStoryboardName = LaunchScreen;
				INFOPLIST_KEY_UIMainStoryboardFile = Main;
				INFOPLIST_KEY_UISupportedInterfaceOrientations = UIInterfaceOrientationPortrait;
				IPHONEOS_DEPLOYMENT_TARGET = 26.0;
				LD_RUNPATH_SEARCH_PATHS = (
					"$(inherited)",
					"@executable_path/Frameworks",
				);
				MARKETING_VERSION = 1.0;
				PRODUCT_BUNDLE_IDENTIFIER = lunghao.SavorVaultAI;
				PRODUCT_NAME = "$(TARGET_NAME)";
				STRING_CATALOG_GENERATE_SYMBOLS = YES;
				SWIFT_APPROACHABLE_CONCURRENCY = YES;
				SWIFT_DEFAULT_ACTOR_ISOLATION = MainActor;
				SWIFT_EMIT_LOC_STRINGS = YES;
				SWIFT_UPCOMING_FEATURE_MEMBER_IMPORT_VISIBILITY = YES;
				SWIFT_VERSION = 5.0;
				TARGETED_DEVICE_FAMILY = 1;
			};
			name = Release;
		};
		9737B8712F708FD1005366CD /* Debug */ = {
			isa = XCBuildConfiguration;
			buildSettings = {
				ALWAYS_SEARCH_USER_PATHS = NO;
				ASSETCATALOG_COMPILER_GENERATE_SWIFT_ASSET_SYMBOL_EXTENSIONS = YES;
				CLANG_ANALYZER_NONNULL = YES;
				CLANG_ANALYZER_NUMBER_OBJECT_CONVERSION = YES_AGGRESSIVE;
				CLANG_CXX_LANGUAGE_STANDARD = "gnu++20";
				CLANG_ENABLE_MODULES = YES;
				CLANG_ENABLE_OBJC_ARC = YES;
				CLANG_ENABLE_OBJC_WEAK = YES;
				CLANG_WARN_BLOCK_CAPTURE_AUTORELEASING = YES;
				CLANG_WARN_BOOL_CONVERSION = YES;
				CLANG_WARN_COMMA = YES;
				CLANG_WARN_CONSTANT_CONVERSION = YES;
				CLANG_WARN_DEPRECATED_OBJC_IMPLEMENTATIONS = YES;
				CLANG_WARN_DIRECT_OBJC_ISA_USAGE = YES_ERROR;
				CLANG_WARN_DOCUMENTATION_COMMENTS = YES;
				CLANG_WARN_EMPTY_BODY = YES;
				CLANG_WARN_ENUM_CONVERSION = YES;
				CLANG_WARN_INFINITE_RECURSION = YES;
				CLANG_WARN_INT_CONVERSION = YES;
				CLANG_WARN_NON_LITERAL_NULL_CONVERSION = YES;
				CLANG_WARN_OBJC_IMPLICIT_RETAIN_SELF = YES;
				CLANG_WARN_OBJC_LITERAL_CONVERSION = YES;
				CLANG_WARN_OBJC_ROOT_CLASS = YES_ERROR;
				CLANG_WARN_QUOTED_INCLUDE_IN_FRAMEWORK_HEADER = YES;
				CLANG_WARN_RANGE_LOOP_ANALYSIS = YES;
				CLANG_WARN_STRICT_PROTOTYPES = YES;
				CLANG_WARN_SUSPICIOUS_MOVE = YES;
				CLANG_WARN_UNGUARDED_AVAILABILITY = YES_AGGRESSIVE;
				CLANG_WARN_UNREACHABLE_CODE = YES;
				CLANG_WARN__DUPLICATE_METHOD_MATCH = YES;
				COPY_PHASE_STRIP = NO;
				DEBUG_INFORMATION_FORMAT = dwarf;
				DEVELOPMENT_TEAM = RFRYGULZBC;
				ENABLE_STRICT_OBJC_MSGSEND = YES;
				ENABLE_TESTABILITY = YES;
				ENABLE_USER_SCRIPT_SANDBOXING = YES;
				GCC_C_LANGUAGE_STANDARD = gnu17;
				GCC_DYNAMIC_NO_PIC = NO;
				GCC_NO_COMMON_BLOCKS = YES;
				GCC_OPTIMIZATION_LEVEL = 0;
				GCC_PREPROCESSOR_DEFINITIONS = (
					"DEBUG=1",
					"$(inherited)",
				);
				GCC_WARN_64_TO_32_BIT_CONVERSION = YES;
				GCC_WARN_ABOUT_RETURN_TYPE = YES_ERROR;
				GCC_WARN_UNDECLARED_SELECTOR = YES;
				GCC_WARN_UNINITIALIZED_AUTOS = YES_AGGRESSIVE;
				GCC_WARN_UNUSED_FUNCTION = YES;
				GCC_WARN_UNUSED_VARIABLE = YES;
				IPHONEOS_DEPLOYMENT_TARGET = 26.0;
				LOCALIZATION_PREFERS_STRING_CATALOGS = YES;
				MTL_ENABLE_DEBUG_INFO = INCLUDE_SOURCE;
				MTL_FAST_MATH = YES;
				ONLY_ACTIVE_ARCH = YES;
				SDKROOT = iphoneos;
				SWIFT_ACTIVE_COMPILATION_CONDITIONS = "DEBUG $(inherited)";
				SWIFT_OPTIMIZATION_LEVEL = "-Onone";
			};
			name = Debug;
		};
		9737B8722F708FD1005366CD /* Release */ = {
			isa = XCBuildConfiguration;
			buildSettings = {
				ALWAYS_SEARCH_USER_PATHS = NO;
				ASSETCATALOG_COMPILER_GENERATE_SWIFT_ASSET_SYMBOL_EXTENSIONS = YES;
				CLANG_ANALYZER_NONNULL = YES;
				CLANG_ANALYZER_NUMBER_OBJECT_CONVERSION = YES_AGGRESSIVE;
				CLANG_CXX_LANGUAGE_STANDARD = "gnu++20";
				CLANG_ENABLE_MODULES = YES;
				CLANG_ENABLE_OBJC_ARC = YES;
				CLANG_ENABLE_OBJC_WEAK = YES;
				CLANG_WARN_BLOCK_CAPTURE_AUTORELEASING = YES;
				CLANG_WARN_BOOL_CONVERSION = YES;
				CLANG_WARN_COMMA = YES;
				CLANG_WARN_CONSTANT_CONVERSION = YES;
				CLANG_WARN_DEPRECATED_OBJC_IMPLEMENTATIONS = YES;
				CLANG_WARN_DIRECT_OBJC_ISA_USAGE = YES_ERROR;
				CLANG_WARN_DOCUMENTATION_COMMENTS = YES;
				CLANG_WARN_EMPTY_BODY = YES;
				CLANG_WARN_ENUM_CONVERSION = YES;
				CLANG_WARN_INFINITE_RECURSION = YES;
				CLANG_WARN_INT_CONVERSION = YES;
				CLANG_WARN_NON_LITERAL_NULL_CONVERSION = YES;
				CLANG_WARN_OBJC_IMPLICIT_RETAIN_SELF = YES;
				CLANG_WARN_OBJC_LITERAL_CONVERSION = YES;
				CLANG_WARN_OBJC_ROOT_CLASS = YES_ERROR;
				CLANG_WARN_QUOTED_INCLUDE_IN_FRAMEWORK_HEADER = YES;
				CLANG_WARN_RANGE_LOOP_ANALYSIS = YES;
				CLANG_WARN_STRICT_PROTOTYPES = YES;
				CLANG_WARN_SUSPICIOUS_MOVE = YES;
				CLANG_WARN_UNGUARDED_AVAILABILITY = YES_AGGRESSIVE;
				CLANG_WARN_UNREACHABLE_CODE = YES;
				CLANG_WARN__DUPLICATE_METHOD_MATCH = YES;
				COPY_PHASE_STRIP = NO;
				DEBUG_INFORMATION_FORMAT = "dwarf-with-dsym";
				DEVELOPMENT_TEAM = RFRYGULZBC;
				ENABLE_NS_ASSERTIONS = NO;
				ENABLE_STRICT_OBJC_MSGSEND = YES;
				ENABLE_USER_SCRIPT_SANDBOXING = YES;
				GCC_C_LANGUAGE_STANDARD = gnu17;
				GCC_NO_COMMON_BLOCKS = YES;
				GCC_WARN_64_TO_32_BIT_CONVERSION = YES;
				GCC_WARN_ABOUT_RETURN_TYPE = YES_ERROR;
				GCC_WARN_UNDECLARED_SELECTOR = YES;
				GCC_WARN_UNINITIALIZED_AUTOS = YES_AGGRESSIVE;
				GCC_WARN_UNUSED_FUNCTION = YES;
				GCC_WARN_UNUSED_VARIABLE = YES;
				IPHONEOS_DEPLOYMENT_TARGET = 26.0;
				LOCALIZATION_PREFERS_STRING_CATALOGS = YES;
				MTL_ENABLE_DEBUG_INFO = NO;
				MTL_FAST_MATH = YES;
				SDKROOT = iphoneos;
				SWIFT_COMPILATION_MODE = wholemodule;
				VALIDATE_PRODUCT = YES;
			};
			name = Release;
		};
		9737B8742F708FD1005366CD /* Debug */ = {
			isa = XCBuildConfiguration;
			buildSettings = {
				BUNDLE_LOADER = "$(TEST_HOST)";
				CODE_SIGN_STYLE = Automatic;
				CURRENT_PROJECT_VERSION = 1;
				DEVELOPMENT_TEAM = RFRYGULZBC;
				GENERATE_INFOPLIST_FILE = YES;
				IPHONEOS_DEPLOYMENT_TARGET = 26.2;
				MARKETING_VERSION = 1.0;
				PRODUCT_BUNDLE_IDENTIFIER = lunghao.SavorVaultAITests;
				PRODUCT_NAME = "$(TARGET_NAME)";
				STRING_CATALOG_GENERATE_SYMBOLS = NO;
				SWIFT_APPROACHABLE_CONCURRENCY = YES;
				SWIFT_EMIT_LOC_STRINGS = NO;
				SWIFT_UPCOMING_FEATURE_MEMBER_IMPORT_VISIBILITY = YES;
				SWIFT_VERSION = 5.0;
				TARGETED_DEVICE_FAMILY = "1,2";
				TEST_HOST = "$(BUILT_PRODUCTS_DIR)/SavorVaultAI.app/$(BUNDLE_EXECUTABLE_FOLDER_PATH)/SavorVaultAI";
			};
			name = Debug;
		};
		9737B8752F708FD1005366CD /* Release */ = {
			isa = XCBuildConfiguration;
			buildSettings = {
				BUNDLE_LOADER = "$(TEST_HOST)";
				CODE_SIGN_STYLE = Automatic;
				CURRENT_PROJECT_VERSION = 1;
				DEVELOPMENT_TEAM = RFRYGULZBC;
				GENERATE_INFOPLIST_FILE = YES;
				IPHONEOS_DEPLOYMENT_TARGET = 26.2;
				MARKETING_VERSION = 1.0;
				PRODUCT_BUNDLE_IDENTIFIER = lunghao.SavorVaultAITests;
				PRODUCT_NAME = "$(TARGET_NAME)";
				STRING_CATALOG_GENERATE_SYMBOLS = NO;
				SWIFT_APPROACHABLE_CONCURRENCY = YES;
				SWIFT_EMIT_LOC_STRINGS = NO;
				SWIFT_UPCOMING_FEATURE_MEMBER_IMPORT_VISIBILITY = YES;
				SWIFT_VERSION = 5.0;
				TARGETED_DEVICE_FAMILY = "1,2";
				TEST_HOST = "$(BUILT_PRODUCTS_DIR)/SavorVaultAI.app/$(BUNDLE_EXECUTABLE_FOLDER_PATH)/SavorVaultAI";
			};
			name = Release;
		};
		9737B8772F708FD1005366CD /* Debug */ = {
			isa = XCBuildConfiguration;
			buildSettings = {
				CODE_SIGN_STYLE = Automatic;
				CURRENT_PROJECT_VERSION = 1;
				DEVELOPMENT_TEAM = RFRYGULZBC;
				GENERATE_INFOPLIST_FILE = YES;
				MARKETING_VERSION = 1.0;
				PRODUCT_BUNDLE_IDENTIFIER = lunghao.SavorVaultAIUITests;
				PRODUCT_NAME = "$(TARGET_NAME)";
				STRING_CATALOG_GENERATE_SYMBOLS = NO;
				SWIFT_APPROACHABLE_CONCURRENCY = YES;
				SWIFT_EMIT_LOC_STRINGS = NO;
				SWIFT_UPCOMING_FEATURE_MEMBER_IMPORT_VISIBILITY = YES;
				SWIFT_VERSION = 5.0;
				TARGETED_DEVICE_FAMILY = "1,2";
				TEST_TARGET_NAME = SavorVaultAI;
			};
			name = Debug;
		};
		9737B8782F708FD1005366CD /* Release */ = {
			isa = XCBuildConfiguration;
			buildSettings = {
				CODE_SIGN_STYLE = Automatic;
				CURRENT_PROJECT_VERSION = 1;
				DEVELOPMENT_TEAM = RFRYGULZBC;
				GENERATE_INFOPLIST_FILE = YES;
				MARKETING_VERSION = 1.0;
				PRODUCT_BUNDLE_IDENTIFIER = lunghao.SavorVaultAIUITests;
				PRODUCT_NAME = "$(TARGET_NAME)";
				STRING_CATALOG_GENERATE_SYMBOLS = NO;
				SWIFT_APPROACHABLE_CONCURRENCY = YES;
				SWIFT_EMIT_LOC_STRINGS = NO;
				SWIFT_UPCOMING_FEATURE_MEMBER_IMPORT_VISIBILITY = YES;
				SWIFT_VERSION = 5.0;
				TARGETED_DEVICE_FAMILY = "1,2";
				TEST_TARGET_NAME = SavorVaultAI;
			};
			name = Release;
		};
/* End XCBuildConfiguration section */

/* Begin XCConfigurationList section */
		9737B83D2F708FD0005366CD /* Build configuration list for PBXProject "SavorVaultAI" */ = {
			isa = XCConfigurationList;
			buildConfigurations = (
				9737B8712F708FD1005366CD /* Debug */,
				9737B8722F708FD1005366CD /* Release */,
			);
			defaultConfigurationIsVisible = 0;
			defaultConfigurationName = Release;
		};
		9737B86E2F708FD1005366CD /* Build configuration list for PBXNativeTarget "SavorVaultAI" */ = {
			isa = XCConfigurationList;
			buildConfigurations = (
				9737B86F2F708FD1005366CD /* Debug */,
				9737B8702F708FD1005366CD /* Release */,
			);
			defaultConfigurationIsVisible = 0;
			defaultConfigurationName = Release;
		};
		9737B8732F708FD1005366CD /* Build configuration list for PBXNativeTarget "SavorVaultAITests" */ = {
			isa = XCConfigurationList;
			buildConfigurations = (
				9737B8742F708FD1005366CD /* Debug */,
				9737B8752F708FD1005366CD /* Release */,
			);
			defaultConfigurationIsVisible = 0;
			defaultConfigurationName = Release;
		};
		9737B8762F708FD1005366CD /* Build configuration list for PBXNativeTarget "SavorVaultAIUITests" */ = {
			isa = XCConfigurationList;
			buildConfigurations = (
				9737B8772F708FD1005366CD /* Debug */,
				9737B8782F708FD1005366CD /* Release */,
			);
			defaultConfigurationIsVisible = 0;
			defaultConfigurationName = Release;
		};
/* End XCConfigurationList section */
	};
	rootObject = 9737B83A2F708FD0005366CD /* Project object */;
}
